
Microsoft Visual Studio Solution File, Format Version 12.00
# Visual Studio Version 16
VisualStudioVersion = 16.0.808.1
MinimumVisualStudioVersion = 10.0.40219.1
Project("{FAE04EC0-301F-11D3-BF4B-00C04F79EFBC}") = "CSharpGenerics", "CSharpGenerics\CSharpGenerics.csproj", "{66381E56-4CD0-4B6B-B7ED-58B543098C3B}"
EndProject
Global
	GlobalSection(SolutionConfigurationPlatforms) = preSolution
		Debug|Any CPU = Debug|Any CPU
		Release|Any CPU = Release|Any CPU
	EndGlobalSection
	GlobalSection(ProjectConfigurationPlatforms) = postSolution
		{66381E56-4CD0-4B6B-B7ED-58B543098C3B}.Debug|Any CPU.ActiveCfg = Debug|Any CPU
		{66381E56-4CD0-4B6B-B7ED-58B543098C3B}.Debug|Any CPU.Build.0 = Debug|Any CPU
		{66381E56-4CD0-4B6B-B7ED-58B543098C3B}.Release|Any CPU.ActiveCfg = Release|Any CPU
		{66381E56-4CD0-4B6B-B7ED-58B543098C3B}.Release|Any CPU.Build.0 = Release|Any CPU
	EndGlobalSection
	GlobalSection(SolutionProperties) = preSolution
		HideSolutionNode = FALSE
	EndGlobalSection
	GlobalSection(ExtensibilityGlobals) = postSolution
		SolutionGuid = {0610F8AC-AD5F-484E-833D-0E1363A64BC5}
	EndGlobalSection
EndGlobal
