
Microsoft Visual Studio Solution File, Format Version 12.00
# Visual Studio Version 16
VisualStudioVersion = 16.0.808.1
MinimumVisualStudioVersion = 10.0.40219.1
Project("{FAE04EC0-301F-11D3-BF4B-00C04F79EFBC}") = "CS_133_Projects", "CS_133_Projects\CS_133_Projects.csproj", "{128496A9-A19F-4A9C-BF50-C152E13D5D41}"
EndProject
Project("{2150E333-8FDC-42A3-9474-1A3956D46DE8}") = "Solution Items", "Solution Items", "{42B70448-6EDD-4A1C-BA6E-D0BD695C375F}"
	ProjectSection(SolutionItems) = preProject
		GenericClass.config = GenericClass.config
	EndProjectSection
EndProject
Global
	GlobalSection(SolutionConfigurationPlatforms) = preSolution
		Debug|Any CPU = Debug|Any CPU
		Release|Any CPU = Release|Any CPU
	EndGlobalSection
	GlobalSection(ProjectConfigurationPlatforms) = postSolution
		{128496A9-A19F-4A9C-BF50-C152E13D5D41}.Debug|Any CPU.ActiveCfg = Debug|Any CPU
		{128496A9-A19F-4A9C-BF50-C152E13D5D41}.Debug|Any CPU.Build.0 = Debug|Any CPU
		{128496A9-A19F-4A9C-BF50-C152E13D5D41}.Release|Any CPU.ActiveCfg = Release|Any CPU
		{128496A9-A19F-4A9C-BF50-C152E13D5D41}.Release|Any CPU.Build.0 = Release|Any CPU
	EndGlobalSection
	GlobalSection(SolutionProperties) = preSolution
		HideSolutionNode = FALSE
	EndGlobalSection
	GlobalSection(ExtensibilityGlobals) = postSolution
		SolutionGuid = {5E893AC3-4CF1-48E9-BE6A-09B69B73DA61}
	EndGlobalSection
EndGlobal
