
Microsoft Visual Studio Solution File, Format Version 12.00
# Visual Studio Version 16
VisualStudioVersion = 16.0.808.5
MinimumVisualStudioVersion = 10.0.40219.1
Project("{FAE04EC0-301F-11D3-BF4B-00C04F79EFBC}") = "MyInstagram", "MyInstagram\MyInstagram.csproj", "{DEF6D10A-0A1F-4770-9074-C77D12BBD748}"
EndProject
Global
	GlobalSection(SolutionConfigurationPlatforms) = preSolution
		Debug|Any CPU = Debug|Any CPU
		Release|Any CPU = Release|Any CPU
	EndGlobalSection
	GlobalSection(ProjectConfigurationPlatforms) = postSolution
		{DEF6D10A-0A1F-4770-9074-C77D12BBD748}.Debug|Any CPU.ActiveCfg = Debug|Any CPU
		{DEF6D10A-0A1F-4770-9074-C77D12BBD748}.Debug|Any CPU.Build.0 = Debug|Any CPU
		{DEF6D10A-0A1F-4770-9074-C77D12BBD748}.Release|Any CPU.ActiveCfg = Release|Any CPU
		{DEF6D10A-0A1F-4770-9074-C77D12BBD748}.Release|Any CPU.Build.0 = Release|Any CPU
	EndGlobalSection
	GlobalSection(SolutionProperties) = preSolution
		HideSolutionNode = FALSE
	EndGlobalSection
	GlobalSection(ExtensibilityGlobals) = postSolution
		SolutionGuid = {156F7A09-99EA-49EA-A241-724E9948E375}
	EndGlobalSection
EndGlobal
